// !$*UTF8*$!
{
	archiveVersion = 1;
	classes = {
	};
	objectVersion = 48;
	objects = {

/* Begin PBXBuildFile section */
		6E3C2DF020BA2AD50079A38D /* DefaultAudioRecorder.swift in Sources */ = {isa = PBXBuildFile; fileRef = 6E3C2DEF20BA2AD50079A38D /* DefaultAudioRecorder.swift */; };
		6E42E4F020AD1FF7002B9650 /* UIView+TransformAnimation.swift in Sources */ = {isa = PBXBuildFile; fileRef = 6E42E4EF20AD1FF7002B9650 /* UIView+TransformAnimation.swift */; };
		6E42E4F320AD2123002B9650 /* CGAffineTransform+Extensions.swift in Sources */ = {isa = PBXBuildFile; fileRef = 6E42E4F220AD2123002B9650 /* CGAffineTransform+Extensions.swift */; };
		6E42E4F520AD23B9002B9650 /* RecordDreamViewModel.swift in Sources */ = {isa = PBXBuildFile; fileRef = 6E42E4F420AD23B9002B9650 /* RecordDreamViewModel.swift */; };
		6E7A6E7920C4B0FF002F2068 /* SaveRecordedDreamViewController.swift in Sources */ = {isa = PBXBuildFile; fileRef = 6E7A6E7820C4B0FF002F2068 /* SaveRecordedDreamViewController.swift */; };
		6E7A6E7B20C4B11A002F2068 /* SaveRecordedDreamView.swift in Sources */ = {isa = PBXBuildFile; fileRef = 6E7A6E7A20C4B11A002F2068 /* SaveRecordedDreamView.swift */; };
		6E7A6E7D20C4B130002F2068 /* SaveRecordedDreamView.xib in Resources */ = {isa = PBXBuildFile; fileRef = 6E7A6E7C20C4B130002F2068 /* SaveRecordedDreamView.xib */; };
		6EB8F71120BB32C40031E07A /* AudioRecorder.swift in Sources */ = {isa = PBXBuildFile; fileRef = 6EB8F71020BB32690031E07A /* AudioRecorder.swift */; };
		6EB8F71420BB34100031E07A /* StartRecordingTest.swift in Sources */ = {isa = PBXBuildFile; fileRef = 6EB8F71320BB34100031E07A /* StartRecordingTest.swift */; };
		6EC324B720ABC9E300780B8B /* UIView+Extensions.swift in Sources */ = {isa = PBXBuildFile; fileRef = 6EC324B620ABC9E300780B8B /* UIView+Extensions.swift */; };
		6EC324B920ABD25200780B8B /* UIView+Shadow.swift in Sources */ = {isa = PBXBuildFile; fileRef = 6EC324B820ABD25200780B8B /* UIView+Shadow.swift */; };
		6EC324BB20ABD27F00780B8B /* UIView+CornerRadius.swift in Sources */ = {isa = PBXBuildFile; fileRef = 6EC324BA20ABD27F00780B8B /* UIView+CornerRadius.swift */; };
		6EC324BD20ABD3A200780B8B /* GradientButton.swift in Sources */ = {isa = PBXBuildFile; fileRef = 6EC324BC20ABD3A200780B8B /* GradientButton.swift */; };
		6ECBA33D20BCFA5D007A92D9 /* DefaultAudioRecord.swift in Sources */ = {isa = PBXBuildFile; fileRef = 6ECBA33C20BCFA5D007A92D9 /* DefaultAudioRecord.swift */; };
		6ECBA33F20BCFABF007A92D9 /* StopRecordingTest.swift in Sources */ = {isa = PBXBuildFile; fileRef = 6ECBA33E20BCFABF007A92D9 /* StopRecordingTest.swift */; };
		6EE6AEE820BCA7D200B49FBF /* AudioRecord.swift in Sources */ = {isa = PBXBuildFile; fileRef = 6EE6AEE720BCA7D200B49FBF /* AudioRecord.swift */; };
		6EFFE4E920AE41CE0052191A /* StartRecording.swift in Sources */ = {isa = PBXBuildFile; fileRef = 6EFFE4E820AE41CE0052191A /* StartRecording.swift */; };
		6EFFE4ED20AE541B0052191A /* StopRecording.swift in Sources */ = {isa = PBXBuildFile; fileRef = 6EFFE4EC20AE541B0052191A /* StopRecording.swift */; };
		6EFFE4F320AE7E420052191A /* TouchUpInsideAnimator.swift in Sources */ = {isa = PBXBuildFile; fileRef = 6EFFE4F220AE7E420052191A /* TouchUpInsideAnimator.swift */; };
		E986D4D420A67BEE00D7FBEB /* Assets.xcassets in Resources */ = {isa = PBXBuildFile; fileRef = E986D4D320A67BEE00D7FBEB /* Assets.xcassets */; };
		E986D4D720A67BEE00D7FBEB /* LaunchScreen.storyboard in Resources */ = {isa = PBXBuildFile; fileRef = E986D4D520A67BEE00D7FBEB /* LaunchScreen.storyboard */; };
		E986D4E420A67C4400D7FBEB /* RecordDreamCoordinator.swift in Sources */ = {isa = PBXBuildFile; fileRef = E986D4E020A67C4400D7FBEB /* RecordDreamCoordinator.swift */; };
		E986D4E520A67C4400D7FBEB /* RecordDreamView.swift in Sources */ = {isa = PBXBuildFile; fileRef = E986D4E120A67C4400D7FBEB /* RecordDreamView.swift */; };
		E986D4E620A67C4400D7FBEB /* RecordDreamView.xib in Resources */ = {isa = PBXBuildFile; fileRef = E986D4E220A67C4400D7FBEB /* RecordDreamView.xib */; };
		E986D4E720A67C4400D7FBEB /* RecordDreamViewController.swift in Sources */ = {isa = PBXBuildFile; fileRef = E986D4E320A67C4400D7FBEB /* RecordDreamViewController.swift */; };
		E986D4EE20A67C7300D7FBEB /* BaseCoordinator.swift in Sources */ = {isa = PBXBuildFile; fileRef = E986D4EA20A67C7300D7FBEB /* BaseCoordinator.swift */; };
		E986D4EF20A67C7300D7FBEB /* MainCoordinator.swift in Sources */ = {isa = PBXBuildFile; fileRef = E986D4EB20A67C7300D7FBEB /* MainCoordinator.swift */; };
		E986D4F020A67C7300D7FBEB /* UIView+LoadableFromNib.swift in Sources */ = {isa = PBXBuildFile; fileRef = E986D4ED20A67C7300D7FBEB /* UIView+LoadableFromNib.swift */; };
		E986D4F220A67C8900D7FBEB /* AppDelegate.swift in Sources */ = {isa = PBXBuildFile; fileRef = E986D4F120A67C8900D7FBEB /* AppDelegate.swift */; };
		E986D4F420A683B500D7FBEB /* GradientView.swift in Sources */ = {isa = PBXBuildFile; fileRef = E986D4F320A683B500D7FBEB /* GradientView.swift */; };
		E9960FE7EDC8EE178BA61A2A /* Pods_DreamRecorder.framework in Frameworks */ = {isa = PBXBuildFile; fileRef = CD6C742AB26CC22F0DC0C060 /* Pods_DreamRecorder.framework */; };
		E9A0996220B0936C00D39F99 /* DreamRecorderTests.swift in Sources */ = {isa = PBXBuildFile; fileRef = E9A0996120B0936C00D39F99 /* DreamRecorderTests.swift */; };
		E9A0996D20B0944B00D39F99 /* RecordDreamViewModelTest.swift in Sources */ = {isa = PBXBuildFile; fileRef = E9A0996C20B0944B00D39F99 /* RecordDreamViewModelTest.swift */; };
		E9A0996F20B0AC3000D39F99 /* UIButton+Extensions.swift in Sources */ = {isa = PBXBuildFile; fileRef = E9A0996E20B0AC3000D39F99 /* UIButton+Extensions.swift */; };
		E9A3859320A77C43001F2446 /* DesignableView.swift in Sources */ = {isa = PBXBuildFile; fileRef = E9A3859220A77C43001F2446 /* DesignableView.swift */; };
		EBC38E22FFB78BDAA6A58717 /* Pods_DreamRecorderTests.framework in Frameworks */ = {isa = PBXBuildFile; fileRef = B7A6E0B8C412D4117648880B /* Pods_DreamRecorderTests.framework */; };
/* End PBXBuildFile section */

/* Begin PBXContainerItemProxy section */
		E9A0996420B0936C00D39F99 /* PBXContainerItemProxy */ = {
			isa = PBXContainerItemProxy;
			containerPortal = E986D4C120A67BED00D7FBEB /* Project object */;
			proxyType = 1;
			remoteGlobalIDString = E986D4C820A67BEE00D7FBEB;
			remoteInfo = DreamRecorder;
		};
/* End PBXContainerItemProxy section */

/* Begin PBXFileReference section */
		0CCB9D8610DBA505AB6C3F98 /* Pods-DreamRecorderTests.debug.xcconfig */ = {isa = PBXFileReference; includeInIndex = 1; lastKnownFileType = text.xcconfig; name = "Pods-DreamRecorderTests.debug.xcconfig"; path = "Pods/Target Support Files/Pods-DreamRecorderTests/Pods-DreamRecorderTests.debug.xcconfig"; sourceTree = "<group>"; };
		6E3C2DEF20BA2AD50079A38D /* DefaultAudioRecorder.swift */ = {isa = PBXFileReference; lastKnownFileType = sourcecode.swift; path = DefaultAudioRecorder.swift; sourceTree = "<group>"; };
		6E42E4E820AD0CFD002B9650 /* BlaView.xib */ = {isa = PBXFileReference; lastKnownFileType = file.xib; path = BlaView.xib; sourceTree = "<group>"; };
		6E42E4EF20AD1FF7002B9650 /* UIView+TransformAnimation.swift */ = {isa = PBXFileReference; lastKnownFileType = sourcecode.swift; path = "UIView+TransformAnimation.swift"; sourceTree = "<group>"; };
		6E42E4F220AD2123002B9650 /* CGAffineTransform+Extensions.swift */ = {isa = PBXFileReference; lastKnownFileType = sourcecode.swift; path = "CGAffineTransform+Extensions.swift"; sourceTree = "<group>"; };
		6E42E4F420AD23B9002B9650 /* RecordDreamViewModel.swift */ = {isa = PBXFileReference; lastKnownFileType = sourcecode.swift; path = RecordDreamViewModel.swift; sourceTree = "<group>"; };
		6E7A6E7820C4B0FF002F2068 /* SaveRecordedDreamViewController.swift */ = {isa = PBXFileReference; lastKnownFileType = sourcecode.swift; path = SaveRecordedDreamViewController.swift; sourceTree = "<group>"; };
		6E7A6E7A20C4B11A002F2068 /* SaveRecordedDreamView.swift */ = {isa = PBXFileReference; lastKnownFileType = sourcecode.swift; path = SaveRecordedDreamView.swift; sourceTree = "<group>"; };
		6E7A6E7C20C4B130002F2068 /* SaveRecordedDreamView.xib */ = {isa = PBXFileReference; lastKnownFileType = file.xib; path = SaveRecordedDreamView.xib; sourceTree = "<group>"; };
		6EB8F71020BB32690031E07A /* AudioRecorder.swift */ = {isa = PBXFileReference; lastKnownFileType = sourcecode.swift; path = AudioRecorder.swift; sourceTree = "<group>"; };
		6EB8F71320BB34100031E07A /* StartRecordingTest.swift */ = {isa = PBXFileReference; lastKnownFileType = sourcecode.swift; path = StartRecordingTest.swift; sourceTree = "<group>"; };
		6EC324B620ABC9E300780B8B /* UIView+Extensions.swift */ = {isa = PBXFileReference; lastKnownFileType = sourcecode.swift; path = "UIView+Extensions.swift"; sourceTree = "<group>"; };
		6EC324B820ABD25200780B8B /* UIView+Shadow.swift */ = {isa = PBXFileReference; lastKnownFileType = sourcecode.swift; path = "UIView+Shadow.swift"; sourceTree = "<group>"; };
		6EC324BA20ABD27F00780B8B /* UIView+CornerRadius.swift */ = {isa = PBXFileReference; lastKnownFileType = sourcecode.swift; path = "UIView+CornerRadius.swift"; sourceTree = "<group>"; };
		6EC324BC20ABD3A200780B8B /* GradientButton.swift */ = {isa = PBXFileReference; lastKnownFileType = sourcecode.swift; path = GradientButton.swift; sourceTree = "<group>"; };
		6ECBA33C20BCFA5D007A92D9 /* DefaultAudioRecord.swift */ = {isa = PBXFileReference; lastKnownFileType = sourcecode.swift; path = DefaultAudioRecord.swift; sourceTree = "<group>"; };
		6ECBA33E20BCFABF007A92D9 /* StopRecordingTest.swift */ = {isa = PBXFileReference; lastKnownFileType = sourcecode.swift; path = StopRecordingTest.swift; sourceTree = "<group>"; };
		6EE6AEE720BCA7D200B49FBF /* AudioRecord.swift */ = {isa = PBXFileReference; lastKnownFileType = sourcecode.swift; path = AudioRecord.swift; sourceTree = "<group>"; };
		6EFFE4E820AE41CE0052191A /* StartRecording.swift */ = {isa = PBXFileReference; lastKnownFileType = sourcecode.swift; path = StartRecording.swift; sourceTree = "<group>"; };
		6EFFE4EC20AE541B0052191A /* StopRecording.swift */ = {isa = PBXFileReference; fileEncoding = 4; lastKnownFileType = sourcecode.swift; path = StopRecording.swift; sourceTree = "<group>"; };
		6EFFE4F220AE7E420052191A /* TouchUpInsideAnimator.swift */ = {isa = PBXFileReference; lastKnownFileType = sourcecode.swift; path = TouchUpInsideAnimator.swift; sourceTree = "<group>"; };
		92EE84E5C1F6D5C84B935439 /* Pods-DreamRecorder.debug.xcconfig */ = {isa = PBXFileReference; includeInIndex = 1; lastKnownFileType = text.xcconfig; name = "Pods-DreamRecorder.debug.xcconfig"; path = "Pods/Target Support Files/Pods-DreamRecorder/Pods-DreamRecorder.debug.xcconfig"; sourceTree = "<group>"; };
		B7A6E0B8C412D4117648880B /* Pods_DreamRecorderTests.framework */ = {isa = PBXFileReference; explicitFileType = wrapper.framework; includeInIndex = 0; path = Pods_DreamRecorderTests.framework; sourceTree = BUILT_PRODUCTS_DIR; };
		CD6C742AB26CC22F0DC0C060 /* Pods_DreamRecorder.framework */ = {isa = PBXFileReference; explicitFileType = wrapper.framework; includeInIndex = 0; path = Pods_DreamRecorder.framework; sourceTree = BUILT_PRODUCTS_DIR; };
		DE9C625499C76E8F55859E3E /* Pods-DreamRecorder.release.xcconfig */ = {isa = PBXFileReference; includeInIndex = 1; lastKnownFileType = text.xcconfig; name = "Pods-DreamRecorder.release.xcconfig"; path = "Pods/Target Support Files/Pods-DreamRecorder/Pods-DreamRecorder.release.xcconfig"; sourceTree = "<group>"; };
		E986D4C920A67BEE00D7FBEB /* DreamRecorder.app */ = {isa = PBXFileReference; explicitFileType = wrapper.application; includeInIndex = 0; path = DreamRecorder.app; sourceTree = BUILT_PRODUCTS_DIR; };
		E986D4D320A67BEE00D7FBEB /* Assets.xcassets */ = {isa = PBXFileReference; lastKnownFileType = folder.assetcatalog; path = Assets.xcassets; sourceTree = "<group>"; };
		E986D4D620A67BEE00D7FBEB /* Base */ = {isa = PBXFileReference; lastKnownFileType = file.storyboard; name = Base; path = Base.lproj/LaunchScreen.storyboard; sourceTree = "<group>"; };
		E986D4D820A67BEE00D7FBEB /* Info.plist */ = {isa = PBXFileReference; lastKnownFileType = text.plist.xml; path = Info.plist; sourceTree = "<group>"; };
		E986D4E020A67C4400D7FBEB /* RecordDreamCoordinator.swift */ = {isa = PBXFileReference; fileEncoding = 4; lastKnownFileType = sourcecode.swift; path = RecordDreamCoordinator.swift; sourceTree = "<group>"; };
		E986D4E120A67C4400D7FBEB /* RecordDreamView.swift */ = {isa = PBXFileReference; fileEncoding = 4; lastKnownFileType = sourcecode.swift; path = RecordDreamView.swift; sourceTree = "<group>"; };
		E986D4E220A67C4400D7FBEB /* RecordDreamView.xib */ = {isa = PBXFileReference; fileEncoding = 4; lastKnownFileType = file.xib; path = RecordDreamView.xib; sourceTree = "<group>"; };
		E986D4E320A67C4400D7FBEB /* RecordDreamViewController.swift */ = {isa = PBXFileReference; fileEncoding = 4; lastKnownFileType = sourcecode.swift; path = RecordDreamViewController.swift; sourceTree = "<group>"; };
		E986D4EA20A67C7300D7FBEB /* BaseCoordinator.swift */ = {isa = PBXFileReference; fileEncoding = 4; lastKnownFileType = sourcecode.swift; path = BaseCoordinator.swift; sourceTree = "<group>"; };
		E986D4EB20A67C7300D7FBEB /* MainCoordinator.swift */ = {isa = PBXFileReference; fileEncoding = 4; lastKnownFileType = sourcecode.swift; path = MainCoordinator.swift; sourceTree = "<group>"; };
		E986D4ED20A67C7300D7FBEB /* UIView+LoadableFromNib.swift */ = {isa = PBXFileReference; fileEncoding = 4; lastKnownFileType = sourcecode.swift; path = "UIView+LoadableFromNib.swift"; sourceTree = "<group>"; };
		E986D4F120A67C8900D7FBEB /* AppDelegate.swift */ = {isa = PBXFileReference; fileEncoding = 4; lastKnownFileType = sourcecode.swift; path = AppDelegate.swift; sourceTree = "<group>"; };
		E986D4F320A683B500D7FBEB /* GradientView.swift */ = {isa = PBXFileReference; lastKnownFileType = sourcecode.swift; path = GradientView.swift; sourceTree = "<group>"; };
		E9A0995F20B0936B00D39F99 /* DreamRecorderTests.xctest */ = {isa = PBXFileReference; explicitFileType = wrapper.cfbundle; includeInIndex = 0; path = DreamRecorderTests.xctest; sourceTree = BUILT_PRODUCTS_DIR; };
		E9A0996120B0936C00D39F99 /* DreamRecorderTests.swift */ = {isa = PBXFileReference; lastKnownFileType = sourcecode.swift; path = DreamRecorderTests.swift; sourceTree = "<group>"; };
		E9A0996320B0936C00D39F99 /* Info.plist */ = {isa = PBXFileReference; lastKnownFileType = text.plist.xml; path = Info.plist; sourceTree = "<group>"; };
		E9A0996C20B0944B00D39F99 /* RecordDreamViewModelTest.swift */ = {isa = PBXFileReference; lastKnownFileType = sourcecode.swift; path = RecordDreamViewModelTest.swift; sourceTree = "<group>"; };
		E9A0996E20B0AC3000D39F99 /* UIButton+Extensions.swift */ = {isa = PBXFileReference; lastKnownFileType = sourcecode.swift; path = "UIButton+Extensions.swift"; sourceTree = "<group>"; };
		E9A3859220A77C43001F2446 /* DesignableView.swift */ = {isa = PBXFileReference; fileEncoding = 4; lastKnownFileType = sourcecode.swift; path = DesignableView.swift; sourceTree = "<group>"; };
		F6E1E92D239F30F4B7EA8692 /* Pods-DreamRecorderTests.release.xcconfig */ = {isa = PBXFileReference; includeInIndex = 1; lastKnownFileType = text.xcconfig; name = "Pods-DreamRecorderTests.release.xcconfig"; path = "Pods/Target Support Files/Pods-DreamRecorderTests/Pods-DreamRecorderTests.release.xcconfig"; sourceTree = "<group>"; };
/* End PBXFileReference section */

/* Begin PBXFrameworksBuildPhase section */
		E986D4C620A67BEE00D7FBEB /* Frameworks */ = {
			isa = PBXFrameworksBuildPhase;
			buildActionMask = 2147483647;
			files = (
				E9960FE7EDC8EE178BA61A2A /* Pods_DreamRecorder.framework in Frameworks */,
			);
			runOnlyForDeploymentPostprocessing = 0;
		};
		E9A0995C20B0936B00D39F99 /* Frameworks */ = {
			isa = PBXFrameworksBuildPhase;
			buildActionMask = 2147483647;
			files = (
				EBC38E22FFB78BDAA6A58717 /* Pods_DreamRecorderTests.framework in Frameworks */,
			);
			runOnlyForDeploymentPostprocessing = 0;
		};
/* End PBXFrameworksBuildPhase section */

/* Begin PBXGroup section */
		33B390F4D5B19F2194497E1C /* Frameworks */ = {
			isa = PBXGroup;
			children = (
				CD6C742AB26CC22F0DC0C060 /* Pods_DreamRecorder.framework */,
				B7A6E0B8C412D4117648880B /* Pods_DreamRecorderTests.framework */,
			);
			name = Frameworks;
			sourceTree = "<group>";
		};
		6E3C2DEB20BA29660079A38D /* Services */ = {
			isa = PBXGroup;
			children = (
				6E3C2DEF20BA2AD50079A38D /* DefaultAudioRecorder.swift */,
				6ECBA33C20BCFA5D007A92D9 /* DefaultAudioRecord.swift */,
			);
			path = Services;
			sourceTree = "<group>";
		};
		6E3C2DEC20BA29A80079A38D /* Application */ = {
			isa = PBXGroup;
			children = (
				6E3C2DEB20BA29660079A38D /* Services */,
				E986D4DF20A67C4400D7FBEB /* Presentation Model */,
				6EFFE4F120AE6C420052191A /* Presentation */,
			);
			path = Application;
			sourceTree = "<group>";
		};
		6E3C2DED20BA29AF0079A38D /* Domain */ = {
			isa = PBXGroup;
			children = (
				6ECBA33B20BCF9E1007A92D9 /* Model */,
				6EB8F70F20BB325E0031E07A /* Services */,
			);
			path = Domain;
			sourceTree = "<group>";
		};
		6E3C2DEE20BA29C90079A38D /* Application */ = {
			isa = PBXGroup;
			children = (
				E986D4E920A67C7300D7FBEB /* Presentation */,
			);
			path = Application;
			sourceTree = "<group>";
		};
		6E42E4E920AD0F23002B9650 /* Animators */ = {
			isa = PBXGroup;
			children = (
				6EFFE4F220AE7E420052191A /* TouchUpInsideAnimator.swift */,
			);
			path = Animators;
			sourceTree = "<group>";
		};
		6E7A6E7620C497C6002F2068 /* RecordDream */ = {
			isa = PBXGroup;
			children = (
				E986D4E320A67C4400D7FBEB /* RecordDreamViewController.swift */,
				E986D4E120A67C4400D7FBEB /* RecordDreamView.swift */,
				E986D4E220A67C4400D7FBEB /* RecordDreamView.xib */,
			);
			path = RecordDream;
			sourceTree = "<group>";
		};
		6E7A6E7720C497F5002F2068 /* SaveRecordedDream */ = {
			isa = PBXGroup;
			children = (
				6E7A6E7820C4B0FF002F2068 /* SaveRecordedDreamViewController.swift */,
				6E7A6E7A20C4B11A002F2068 /* SaveRecordedDreamView.swift */,
				6E7A6E7C20C4B130002F2068 /* SaveRecordedDreamView.xib */,
			);
			path = SaveRecordedDream;
			sourceTree = "<group>";
		};
		6EB8F70E20BB322C0031E07A /* Application */ = {
			isa = PBXGroup;
			children = (
				E9A0996B20B093D400D39F99 /* Presentation Model */,
			);
			path = Application;
			sourceTree = "<group>";
		};
		6EB8F70F20BB325E0031E07A /* Services */ = {
			isa = PBXGroup;
			children = (
				6EB8F71020BB32690031E07A /* AudioRecorder.swift */,
			);
			path = Services;
			sourceTree = "<group>";
		};
		6EB8F71220BB33550031E07A /* Actions */ = {
			isa = PBXGroup;
			children = (
				6EB8F71320BB34100031E07A /* StartRecordingTest.swift */,
				6ECBA33E20BCFABF007A92D9 /* StopRecordingTest.swift */,
			);
			path = Actions;
			sourceTree = "<group>";
		};
		6EC324B320ABC8BD00780B8B /* Custom Views */ = {
			isa = PBXGroup;
			children = (
				E986D4F320A683B500D7FBEB /* GradientView.swift */,
				6EC324BC20ABD3A200780B8B /* GradientButton.swift */,
				E9A3859220A77C43001F2446 /* DesignableView.swift */,
			);
			path = "Custom Views";
			sourceTree = "<group>";
		};
		6ECBA33B20BCF9E1007A92D9 /* Model */ = {
			isa = PBXGroup;
			children = (
				6EE6AEE720BCA7D200B49FBF /* AudioRecord.swift */,
			);
			path = Model;
			sourceTree = "<group>";
		};
		6EFFE4E720AE41A40052191A /* Actions */ = {
			isa = PBXGroup;
			children = (
				6EFFE4E820AE41CE0052191A /* StartRecording.swift */,
				6EFFE4EC20AE541B0052191A /* StopRecording.swift */,
			);
			path = Actions;
			sourceTree = "<group>";
		};
		6EFFE4F120AE6C420052191A /* Presentation */ = {
			isa = PBXGroup;
			children = (
				E986D4E020A67C4400D7FBEB /* RecordDreamCoordinator.swift */,
				6E7A6E7620C497C6002F2068 /* RecordDream */,
				6E7A6E7720C497F5002F2068 /* SaveRecordedDream */,
				6E42E4E920AD0F23002B9650 /* Animators */,
			);
			path = Presentation;
			sourceTree = "<group>";
		};
		AEE43419A84C9F4C982BAA45 /* Pods */ = {
			isa = PBXGroup;
			children = (
				92EE84E5C1F6D5C84B935439 /* Pods-DreamRecorder.debug.xcconfig */,
				DE9C625499C76E8F55859E3E /* Pods-DreamRecorder.release.xcconfig */,
				0CCB9D8610DBA505AB6C3F98 /* Pods-DreamRecorderTests.debug.xcconfig */,
				F6E1E92D239F30F4B7EA8692 /* Pods-DreamRecorderTests.release.xcconfig */,
			);
			name = Pods;
			sourceTree = "<group>";
		};
		E986D4C020A67BED00D7FBEB = {
			isa = PBXGroup;
			children = (
				E986D4CB20A67BEE00D7FBEB /* DreamRecorder */,
				E9A0996020B0936C00D39F99 /* DreamRecorderTests */,
				E986D4CA20A67BEE00D7FBEB /* Products */,
				AEE43419A84C9F4C982BAA45 /* Pods */,
				33B390F4D5B19F2194497E1C /* Frameworks */,
			);
			sourceTree = "<group>";
		};
		E986D4CA20A67BEE00D7FBEB /* Products */ = {
			isa = PBXGroup;
			children = (
				E986D4C920A67BEE00D7FBEB /* DreamRecorder.app */,
				E9A0995F20B0936B00D39F99 /* DreamRecorderTests.xctest */,
			);
			name = Products;
			sourceTree = "<group>";
		};
		E986D4CB20A67BEE00D7FBEB /* DreamRecorder */ = {
			isa = PBXGroup;
			children = (
				E986D4DE20A67C4400D7FBEB /* RecordDream */,
				E986D4E820A67C7300D7FBEB /* Common */,
				E986D4F120A67C8900D7FBEB /* AppDelegate.swift */,
				E986D4D320A67BEE00D7FBEB /* Assets.xcassets */,
				E986D4D520A67BEE00D7FBEB /* LaunchScreen.storyboard */,
				E986D4D820A67BEE00D7FBEB /* Info.plist */,
			);
			path = DreamRecorder;
			sourceTree = "<group>";
		};
		E986D4DE20A67C4400D7FBEB /* RecordDream */ = {
			isa = PBXGroup;
			children = (
				6EFFE4E720AE41A40052191A /* Actions */,
				6E3C2DED20BA29AF0079A38D /* Domain */,
				6E3C2DEC20BA29A80079A38D /* Application */,
			);
			path = RecordDream;
			sourceTree = "<group>";
		};
		E986D4DF20A67C4400D7FBEB /* Presentation Model */ = {
			isa = PBXGroup;
			children = (
				6E42E4F420AD23B9002B9650 /* RecordDreamViewModel.swift */,
			);
			path = "Presentation Model";
			sourceTree = "<group>";
		};
		E986D4E820A67C7300D7FBEB /* Common */ = {
			isa = PBXGroup;
			children = (
				6E3C2DEE20BA29C90079A38D /* Application */,
			);
			path = Common;
			sourceTree = "<group>";
		};
		E986D4E920A67C7300D7FBEB /* Presentation */ = {
			isa = PBXGroup;
			children = (
				6E42E4E820AD0CFD002B9650 /* BlaView.xib */,
				E986D4EA20A67C7300D7FBEB /* BaseCoordinator.swift */,
				E986D4EB20A67C7300D7FBEB /* MainCoordinator.swift */,
				6EC324B320ABC8BD00780B8B /* Custom Views */,
				E986D4EC20A67C7300D7FBEB /* View Extensions */,
			);
			path = Presentation;
			sourceTree = "<group>";
		};
		E986D4EC20A67C7300D7FBEB /* View Extensions */ = {
			isa = PBXGroup;
			children = (
				E986D4ED20A67C7300D7FBEB /* UIView+LoadableFromNib.swift */,
				6EC324B820ABD25200780B8B /* UIView+Shadow.swift */,
				6EC324BA20ABD27F00780B8B /* UIView+CornerRadius.swift */,
				6E42E4EF20AD1FF7002B9650 /* UIView+TransformAnimation.swift */,
				6EC324B620ABC9E300780B8B /* UIView+Extensions.swift */,
				6E42E4F220AD2123002B9650 /* CGAffineTransform+Extensions.swift */,
				E9A0996E20B0AC3000D39F99 /* UIButton+Extensions.swift */,
			);
			path = "View Extensions";
			sourceTree = "<group>";
		};
		E9A0996020B0936C00D39F99 /* DreamRecorderTests */ = {
			isa = PBXGroup;
			children = (
				E9A0996A20B093CD00D39F99 /* RecordDream */,
				E9A0996120B0936C00D39F99 /* DreamRecorderTests.swift */,
				E9A0996320B0936C00D39F99 /* Info.plist */,
			);
			path = DreamRecorderTests;
			sourceTree = "<group>";
		};
		E9A0996A20B093CD00D39F99 /* RecordDream */ = {
			isa = PBXGroup;
			children = (
				6EB8F71220BB33550031E07A /* Actions */,
				6EB8F70E20BB322C0031E07A /* Application */,
			);
			path = RecordDream;
			sourceTree = "<group>";
		};
		E9A0996B20B093D400D39F99 /* Presentation Model */ = {
			isa = PBXGroup;
			children = (
				E9A0996C20B0944B00D39F99 /* RecordDreamViewModelTest.swift */,
			);
			path = "Presentation Model";
			sourceTree = "<group>";
		};
/* End PBXGroup section */

/* Begin PBXNativeTarget section */
		E986D4C820A67BEE00D7FBEB /* DreamRecorder */ = {
			isa = PBXNativeTarget;
			buildConfigurationList = E986D4DB20A67BEE00D7FBEB /* Build configuration list for PBXNativeTarget "DreamRecorder" */;
			buildPhases = (
				5443FCFAAA03FC019838E862 /* [CP] Check Pods Manifest.lock */,
				E986D4C520A67BEE00D7FBEB /* Sources */,
				E986D4C620A67BEE00D7FBEB /* Frameworks */,
				E986D4C720A67BEE00D7FBEB /* Resources */,
				8C85BC776800673EA5C44C75 /* [CP] Embed Pods Frameworks */,
				14AB49B376E94685C1F3F5AA /* [CP] Copy Pods Resources */,
			);
			buildRules = (
			);
			dependencies = (
			);
			name = DreamRecorder;
			productName = DreamRecorder;
			productReference = E986D4C920A67BEE00D7FBEB /* DreamRecorder.app */;
			productType = "com.apple.product-type.application";
		};
		E9A0995E20B0936B00D39F99 /* DreamRecorderTests */ = {
			isa = PBXNativeTarget;
			buildConfigurationList = E9A0996820B0936C00D39F99 /* Build configuration list for PBXNativeTarget "DreamRecorderTests" */;
			buildPhases = (
				76C133D1BA4BFA3AD5151124 /* [CP] Check Pods Manifest.lock */,
				E9A0995B20B0936B00D39F99 /* Sources */,
				E9A0995C20B0936B00D39F99 /* Frameworks */,
				E9A0995D20B0936B00D39F99 /* Resources */,
				C900C42CCB9348A18896005A /* [CP] Embed Pods Frameworks */,
				726CA8FDF5DEB785E6B3ACEE /* [CP] Copy Pods Resources */,
			);
			buildRules = (
			);
			dependencies = (
				E9A0996520B0936C00D39F99 /* PBXTargetDependency */,
			);
			name = DreamRecorderTests;
			productName = DreamRecorderTests;
			productReference = E9A0995F20B0936B00D39F99 /* DreamRecorderTests.xctest */;
			productType = "com.apple.product-type.bundle.unit-test";
		};
/* End PBXNativeTarget section */

/* Begin PBXProject section */
		E986D4C120A67BED00D7FBEB /* Project object */ = {
			isa = PBXProject;
			attributes = {
				LastSwiftUpdateCheck = 0920;
				LastUpgradeCheck = 0930;
				ORGANIZATIONNAME = "Pablo Manuelli";
				TargetAttributes = {
					E986D4C820A67BEE00D7FBEB = {
						CreatedOnToolsVersion = 9.2;
						ProvisioningStyle = Automatic;
					};
					E9A0995E20B0936B00D39F99 = {
						CreatedOnToolsVersion = 9.2;
						ProvisioningStyle = Automatic;
						TestTargetID = E986D4C820A67BEE00D7FBEB;
					};
				};
			};
			buildConfigurationList = E986D4C420A67BED00D7FBEB /* Build configuration list for PBXProject "DreamRecorder" */;
			compatibilityVersion = "Xcode 8.0";
			developmentRegion = en;
			hasScannedForEncodings = 0;
			knownRegions = (
				en,
				Base,
			);
			mainGroup = E986D4C020A67BED00D7FBEB;
			productRefGroup = E986D4CA20A67BEE00D7FBEB /* Products */;
			projectDirPath = "";
			projectRoot = "";
			targets = (
				E986D4C820A67BEE00D7FBEB /* DreamRecorder */,
				E9A0995E20B0936B00D39F99 /* DreamRecorderTests */,
			);
		};
/* End PBXProject section */

/* Begin PBXResourcesBuildPhase section */
		E986D4C720A67BEE00D7FBEB /* Resources */ = {
			isa = PBXResourcesBuildPhase;
			buildActionMask = 2147483647;
			files = (
				E986D4D720A67BEE00D7FBEB /* LaunchScreen.storyboard in Resources */,
				6E7A6E7D20C4B130002F2068 /* SaveRecordedDreamView.xib in Resources */,
				E986D4D420A67BEE00D7FBEB /* Assets.xcassets in Resources */,
				E986D4E620A67C4400D7FBEB /* RecordDreamView.xib in Resources */,
			);
			runOnlyForDeploymentPostprocessing = 0;
		};
		E9A0995D20B0936B00D39F99 /* Resources */ = {
			isa = PBXResourcesBuildPhase;
			buildActionMask = 2147483647;
			files = (
			);
			runOnlyForDeploymentPostprocessing = 0;
		};
/* End PBXResourcesBuildPhase section */

/* Begin PBXShellScriptBuildPhase section */
		14AB49B376E94685C1F3F5AA /* [CP] Copy Pods Resources */ = {
			isa = PBXShellScriptBuildPhase;
			buildActionMask = 2147483647;
			files = (
			);
			inputPaths = (
			);
			name = "[CP] Copy Pods Resources";
			outputPaths = (
			);
			runOnlyForDeploymentPostprocessing = 0;
			shellPath = /bin/sh;
			shellScript = "\"${SRCROOT}/Pods/Target Support Files/Pods-DreamRecorder/Pods-DreamRecorder-resources.sh\"\n";
			showEnvVarsInLog = 0;
		};
		5443FCFAAA03FC019838E862 /* [CP] Check Pods Manifest.lock */ = {
			isa = PBXShellScriptBuildPhase;
			buildActionMask = 2147483647;
			files = (
			);
			inputPaths = (
				"${PODS_PODFILE_DIR_PATH}/Podfile.lock",
				"${PODS_ROOT}/Manifest.lock",
			);
			name = "[CP] Check Pods Manifest.lock";
			outputPaths = (
				"$(DERIVED_FILE_DIR)/Pods-DreamRecorder-checkManifestLockResult.txt",
			);
			runOnlyForDeploymentPostprocessing = 0;
			shellPath = /bin/sh;
			shellScript = "diff \"${PODS_PODFILE_DIR_PATH}/Podfile.lock\" \"${PODS_ROOT}/Manifest.lock\" > /dev/null\nif [ $? != 0 ] ; then\n    # print error to STDERR\n    echo \"error: The sandbox is not in sync with the Podfile.lock. Run 'pod install' or update your CocoaPods installation.\" >&2\n    exit 1\nfi\n# This output is used by Xcode 'outputs' to avoid re-running this script phase.\necho \"SUCCESS\" > \"${SCRIPT_OUTPUT_FILE_0}\"\n";
			showEnvVarsInLog = 0;
		};
		726CA8FDF5DEB785E6B3ACEE /* [CP] Copy Pods Resources */ = {
			isa = PBXShellScriptBuildPhase;
			buildActionMask = 2147483647;
			files = (
			);
			inputPaths = (
			);
			name = "[CP] Copy Pods Resources";
			outputPaths = (
			);
			runOnlyForDeploymentPostprocessing = 0;
			shellPath = /bin/sh;
			shellScript = "\"${SRCROOT}/Pods/Target Support Files/Pods-DreamRecorderTests/Pods-DreamRecorderTests-resources.sh\"\n";
			showEnvVarsInLog = 0;
		};
		76C133D1BA4BFA3AD5151124 /* [CP] Check Pods Manifest.lock */ = {
			isa = PBXShellScriptBuildPhase;
			buildActionMask = 2147483647;
			files = (
			);
			inputPaths = (
				"${PODS_PODFILE_DIR_PATH}/Podfile.lock",
				"${PODS_ROOT}/Manifest.lock",
			);
			name = "[CP] Check Pods Manifest.lock";
			outputPaths = (
				"$(DERIVED_FILE_DIR)/Pods-DreamRecorderTests-checkManifestLockResult.txt",
			);
			runOnlyForDeploymentPostprocessing = 0;
			shellPath = /bin/sh;
			shellScript = "diff \"${PODS_PODFILE_DIR_PATH}/Podfile.lock\" \"${PODS_ROOT}/Manifest.lock\" > /dev/null\nif [ $? != 0 ] ; then\n    # print error to STDERR\n    echo \"error: The sandbox is not in sync with the Podfile.lock. Run 'pod install' or update your CocoaPods installation.\" >&2\n    exit 1\nfi\n# This output is used by Xcode 'outputs' to avoid re-running this script phase.\necho \"SUCCESS\" > \"${SCRIPT_OUTPUT_FILE_0}\"\n";
			showEnvVarsInLog = 0;
		};
		8C85BC776800673EA5C44C75 /* [CP] Embed Pods Frameworks */ = {
			isa = PBXShellScriptBuildPhase;
			buildActionMask = 2147483647;
			files = (
			);
			inputPaths = (
				"${SRCROOT}/Pods/Target Support Files/Pods-DreamRecorder/Pods-DreamRecorder-frameworks.sh",
				"${BUILT_PRODUCTS_DIR}/RxCocoa/RxCocoa.framework",
				"${BUILT_PRODUCTS_DIR}/RxSwift/RxSwift.framework",
			);
			name = "[CP] Embed Pods Frameworks";
			outputPaths = (
				"${TARGET_BUILD_DIR}/${FRAMEWORKS_FOLDER_PATH}/RxCocoa.framework",
				"${TARGET_BUILD_DIR}/${FRAMEWORKS_FOLDER_PATH}/RxSwift.framework",
			);
			runOnlyForDeploymentPostprocessing = 0;
			shellPath = /bin/sh;
			shellScript = "\"${SRCROOT}/Pods/Target Support Files/Pods-DreamRecorder/Pods-DreamRecorder-frameworks.sh\"\n";
			showEnvVarsInLog = 0;
		};
		C900C42CCB9348A18896005A /* [CP] Embed Pods Frameworks */ = {
			isa = PBXShellScriptBuildPhase;
			buildActionMask = 2147483647;
			files = (
			);
			inputPaths = (
				"${SRCROOT}/Pods/Target Support Files/Pods-DreamRecorderTests/Pods-DreamRecorderTests-frameworks.sh",
				"${BUILT_PRODUCTS_DIR}/RxCocoa/RxCocoa.framework",
				"${BUILT_PRODUCTS_DIR}/RxSwift/RxSwift.framework",
				"${BUILT_PRODUCTS_DIR}/RxTest/RxTest.framework",
			);
			name = "[CP] Embed Pods Frameworks";
			outputPaths = (
				"${TARGET_BUILD_DIR}/${FRAMEWORKS_FOLDER_PATH}/RxCocoa.framework",
				"${TARGET_BUILD_DIR}/${FRAMEWORKS_FOLDER_PATH}/RxSwift.framework",
				"${TARGET_BUILD_DIR}/${FRAMEWORKS_FOLDER_PATH}/RxTest.framework",
			);
			runOnlyForDeploymentPostprocessing = 0;
			shellPath = /bin/sh;
			shellScript = "\"${SRCROOT}/Pods/Target Support Files/Pods-DreamRecorderTests/Pods-DreamRecorderTests-frameworks.sh\"\n";
			showEnvVarsInLog = 0;
		};
/* End PBXShellScriptBuildPhase section */

/* Begin PBXSourcesBuildPhase section */
		E986D4C520A67BEE00D7FBEB /* Sources */ = {
			isa = PBXSourcesBuildPhase;
			buildActionMask = 2147483647;
			files = (
				6E7A6E7920C4B0FF002F2068 /* SaveRecordedDreamViewController.swift in Sources */,
				E986D4F020A67C7300D7FBEB /* UIView+LoadableFromNib.swift in Sources */,
				6E7A6E7B20C4B11A002F2068 /* SaveRecordedDreamView.swift in Sources */,
				6ECBA33D20BCFA5D007A92D9 /* DefaultAudioRecord.swift in Sources */,
				6E42E4F320AD2123002B9650 /* CGAffineTransform+Extensions.swift in Sources */,
				E986D4EE20A67C7300D7FBEB /* BaseCoordinator.swift in Sources */,
				E986D4E420A67C4400D7FBEB /* RecordDreamCoordinator.swift in Sources */,
				6EFFE4ED20AE541B0052191A /* StopRecording.swift in Sources */,
				E986D4E720A67C4400D7FBEB /* RecordDreamViewController.swift in Sources */,
				6EC324B920ABD25200780B8B /* UIView+Shadow.swift in Sources */,
				6E42E4F520AD23B9002B9650 /* RecordDreamViewModel.swift in Sources */,
				E986D4F220A67C8900D7FBEB /* AppDelegate.swift in Sources */,
				E986D4EF20A67C7300D7FBEB /* MainCoordinator.swift in Sources */,
				6EFFE4E920AE41CE0052191A /* StartRecording.swift in Sources */,
				6EE6AEE820BCA7D200B49FBF /* AudioRecord.swift in Sources */,
				E986D4F420A683B500D7FBEB /* GradientView.swift in Sources */,
				6E42E4F020AD1FF7002B9650 /* UIView+TransformAnimation.swift in Sources */,
				E9A0996F20B0AC3000D39F99 /* UIButton+Extensions.swift in Sources */,
				E9A3859320A77C43001F2446 /* DesignableView.swift in Sources */,
				6E3C2DF020BA2AD50079A38D /* DefaultAudioRecorder.swift in Sources */,
				6EB8F71120BB32C40031E07A /* AudioRecorder.swift in Sources */,
				6EC324BB20ABD27F00780B8B /* UIView+CornerRadius.swift in Sources */,
				6EC324BD20ABD3A200780B8B /* GradientButton.swift in Sources */,
				E986D4E520A67C4400D7FBEB /* RecordDreamView.swift in Sources */,
				6EC324B720ABC9E300780B8B /* UIView+Extensions.swift in Sources */,
				6EFFE4F320AE7E420052191A /* TouchUpInsideAnimator.swift in Sources */,
			);
			runOnlyForDeploymentPostprocessing = 0;
		};
		E9A0995B20B0936B00D39F99 /* Sources */ = {
			isa = PBXSourcesBuildPhase;
			buildActionMask = 2147483647;
			files = (
				E9A0996220B0936C00D39F99 /* DreamRecorderTests.swift in Sources */,
				6ECBA33F20BCFABF007A92D9 /* StopRecordingTest.swift in Sources */,
				6EB8F71420BB34100031E07A /* StartRecordingTest.swift in Sources */,
				E9A0996D20B0944B00D39F99 /* RecordDreamViewModelTest.swift in Sources */,
			);
			runOnlyForDeploymentPostprocessing = 0;
		};
/* End PBXSourcesBuildPhase section */

/* Begin PBXTargetDependency section */
		E9A0996520B0936C00D39F99 /* PBXTargetDependency */ = {
			isa = PBXTargetDependency;
			target = E986D4C820A67BEE00D7FBEB /* DreamRecorder */;
			targetProxy = E9A0996420B0936C00D39F99 /* PBXContainerItemProxy */;
		};
/* End PBXTargetDependency section */

/* Begin PBXVariantGroup section */
		E986D4D520A67BEE00D7FBEB /* LaunchScreen.storyboard */ = {
			isa = PBXVariantGroup;
			children = (
				E986D4D620A67BEE00D7FBEB /* Base */,
			);
			name = LaunchScreen.storyboard;
			sourceTree = "<group>";
		};
/* End PBXVariantGroup section */

/* Begin XCBuildConfiguration section */
		E986D4D920A67BEE00D7FBEB /* Debug */ = {
			isa = XCBuildConfiguration;
			buildSettings = {
				ALWAYS_SEARCH_USER_PATHS = NO;
				CLANG_ANALYZER_NONNULL = YES;
				CLANG_ANALYZER_NUMBER_OBJECT_CONVERSION = YES_AGGRESSIVE;
				CLANG_CXX_LANGUAGE_STANDARD = "gnu++14";
				CLANG_CXX_LIBRARY = "libc++";
				CLANG_ENABLE_MODULES = YES;
				CLANG_ENABLE_OBJC_ARC = YES;
				CLANG_WARN_BLOCK_CAPTURE_AUTORELEASING = YES;
				CLANG_WARN_BOOL_CONVERSION = YES;
				CLANG_WARN_COMMA = YES;
				CLANG_WARN_CONSTANT_CONVERSION = YES;
				CLANG_WARN_DEPRECATED_OBJC_IMPLEMENTATIONS = YES;
				CLANG_WARN_DIRECT_OBJC_ISA_USAGE = YES_ERROR;
				CLANG_WARN_DOCUMENTATION_COMMENTS = YES;
				CLANG_WARN_EMPTY_BODY = YES;
				CLANG_WARN_ENUM_CONVERSION = YES;
				CLANG_WARN_INFINITE_RECURSION = YES;
				CLANG_WARN_INT_CONVERSION = YES;
				CLANG_WARN_NON_LITERAL_NULL_CONVERSION = YES;
				CLANG_WARN_OBJC_IMPLICIT_RETAIN_SELF = YES;
				CLANG_WARN_OBJC_LITERAL_CONVERSION = YES;
				CLANG_WARN_OBJC_ROOT_CLASS = YES_ERROR;
				CLANG_WARN_RANGE_LOOP_ANALYSIS = YES;
				CLANG_WARN_STRICT_PROTOTYPES = YES;
				CLANG_WARN_SUSPICIOUS_MOVE = YES;
				CLANG_WARN_UNGUARDED_AVAILABILITY = YES_AGGRESSIVE;
				CLANG_WARN_UNREACHABLE_CODE = YES;
				CLANG_WARN__DUPLICATE_METHOD_MATCH = YES;
				CODE_SIGN_IDENTITY = "iPhone Developer";
				COPY_PHASE_STRIP = NO;
				DEBUG_INFORMATION_FORMAT = dwarf;
				ENABLE_STRICT_OBJC_MSGSEND = YES;
				ENABLE_TESTABILITY = YES;
				GCC_C_LANGUAGE_STANDARD = gnu11;
				GCC_DYNAMIC_NO_PIC = NO;
				GCC_NO_COMMON_BLOCKS = YES;
				GCC_OPTIMIZATION_LEVEL = 0;
				GCC_PREPROCESSOR_DEFINITIONS = (
					"DEBUG=1",
					"$(inherited)",
				);
				GCC_WARN_64_TO_32_BIT_CONVERSION = YES;
				GCC_WARN_ABOUT_RETURN_TYPE = YES_ERROR;
				GCC_WARN_UNDECLARED_SELECTOR = YES;
				GCC_WARN_UNINITIALIZED_AUTOS = YES_AGGRESSIVE;
				GCC_WARN_UNUSED_FUNCTION = YES;
				GCC_WARN_UNUSED_VARIABLE = YES;
				IPHONEOS_DEPLOYMENT_TARGET = 11.2;
				MTL_ENABLE_DEBUG_INFO = YES;
				ONLY_ACTIVE_ARCH = YES;
				SDKROOT = iphoneos;
				SWIFT_ACTIVE_COMPILATION_CONDITIONS = DEBUG;
				SWIFT_OPTIMIZATION_LEVEL = "-Onone";
			};
			name = Debug;
		};
		E986D4DA20A67BEE00D7FBEB /* Release */ = {
			isa = XCBuildConfiguration;
			buildSettings = {
				ALWAYS_SEARCH_USER_PATHS = NO;
				CLANG_ANALYZER_NONNULL = YES;
				CLANG_ANALYZER_NUMBER_OBJECT_CONVERSION = YES_AGGRESSIVE;
				CLANG_CXX_LANGUAGE_STANDARD = "gnu++14";
				CLANG_CXX_LIBRARY = "libc++";
				CLANG_ENABLE_MODULES = YES;
				CLANG_ENABLE_OBJC_ARC = YES;
				CLANG_WARN_BLOCK_CAPTURE_AUTORELEASING = YES;
				CLANG_WARN_BOOL_CONVERSION = YES;
				CLANG_WARN_COMMA = YES;
				CLANG_WARN_CONSTANT_CONVERSION = YES;
				CLANG_WARN_DEPRECATED_OBJC_IMPLEMENTATIONS = YES;
				CLANG_WARN_DIRECT_OBJC_ISA_USAGE = YES_ERROR;
				CLANG_WARN_DOCUMENTATION_COMMENTS = YES;
				CLANG_WARN_EMPTY_BODY = YES;
				CLANG_WARN_ENUM_CONVERSION = YES;
				CLANG_WARN_INFINITE_RECURSION = YES;
				CLANG_WARN_INT_CONVERSION = YES;
				CLANG_WARN_NON_LITERAL_NULL_CONVERSION = YES;
				CLANG_WARN_OBJC_IMPLICIT_RETAIN_SELF = YES;
				CLANG_WARN_OBJC_LITERAL_CONVERSION = YES;
				CLANG_WARN_OBJC_ROOT_CLASS = YES_ERROR;
				CLANG_WARN_RANGE_LOOP_ANALYSIS = YES;
				CLANG_WARN_STRICT_PROTOTYPES = YES;
				CLANG_WARN_SUSPICIOUS_MOVE = YES;
				CLANG_WARN_UNGUARDED_AVAILABILITY = YES_AGGRESSIVE;
				CLANG_WARN_UNREACHABLE_CODE = YES;
				CLANG_WARN__DUPLICATE_METHOD_MATCH = YES;
				CODE_SIGN_IDENTITY = "iPhone Developer";
				COPY_PHASE_STRIP = NO;
				DEBUG_INFORMATION_FORMAT = "dwarf-with-dsym";
				ENABLE_NS_ASSERTIONS = NO;
				ENABLE_STRICT_OBJC_MSGSEND = YES;
				GCC_C_LANGUAGE_STANDARD = gnu11;
				GCC_NO_COMMON_BLOCKS = YES;
				GCC_WARN_64_TO_32_BIT_CONVERSION = YES;
				GCC_WARN_ABOUT_RETURN_TYPE = YES_ERROR;
				GCC_WARN_UNDECLARED_SELECTOR = YES;
				GCC_WARN_UNINITIALIZED_AUTOS = YES_AGGRESSIVE;
				GCC_WARN_UNUSED_FUNCTION = YES;
				GCC_WARN_UNUSED_VARIABLE = YES;
				IPHONEOS_DEPLOYMENT_TARGET = 11.2;
				MTL_ENABLE_DEBUG_INFO = NO;
				SDKROOT = iphoneos;
				SWIFT_OPTIMIZATION_LEVEL = "-Owholemodule";
				VALIDATE_PRODUCT = YES;
			};
			name = Release;
		};
		E986D4DC20A67BEE00D7FBEB /* Debug */ = {
			isa = XCBuildConfiguration;
			baseConfigurationReference = 92EE84E5C1F6D5C84B935439 /* Pods-DreamRecorder.debug.xcconfig */;
			buildSettings = {
				ASSETCATALOG_COMPILER_APPICON_NAME = AppIcon;
				CODE_SIGN_STYLE = Automatic;
				DEVELOPMENT_TEAM = A876NJFJCE;
				INFOPLIST_FILE = DreamRecorder/Info.plist;
				IPHONEOS_DEPLOYMENT_TARGET = 10.0;
				LD_RUNPATH_SEARCH_PATHS = "$(inherited) @executable_path/Frameworks";
				PRODUCT_BUNDLE_IDENTIFIER = pmanuelli.DreamRecorder;
				PRODUCT_NAME = "$(TARGET_NAME)";
				SWIFT_VERSION = 4.0;
				TARGETED_DEVICE_FAMILY = "1,2";
			};
			name = Debug;
		};
		E986D4DD20A67BEE00D7FBEB /* Release */ = {
			isa = XCBuildConfiguration;
			baseConfigurationReference = DE9C625499C76E8F55859E3E /* Pods-DreamRecorder.release.xcconfig */;
			buildSettings = {
				ASSETCATALOG_COMPILER_APPICON_NAME = AppIcon;
				CODE_SIGN_STYLE = Automatic;
				DEVELOPMENT_TEAM = A876NJFJCE;
				INFOPLIST_FILE = DreamRecorder/Info.plist;
				IPHONEOS_DEPLOYMENT_TARGET = 10.0;
				LD_RUNPATH_SEARCH_PATHS = "$(inherited) @executable_path/Frameworks";
				PRODUCT_BUNDLE_IDENTIFIER = pmanuelli.DreamRecorder;
				PRODUCT_NAME = "$(TARGET_NAME)";
				SWIFT_VERSION = 4.0;
				TARGETED_DEVICE_FAMILY = "1,2";
			};
			name = Release;
		};
		E9A0996620B0936C00D39F99 /* Debug */ = {
			isa = XCBuildConfiguration;
			baseConfigurationReference = 0CCB9D8610DBA505AB6C3F98 /* Pods-DreamRecorderTests.debug.xcconfig */;
			buildSettings = {
				BUNDLE_LOADER = "$(TEST_HOST)";
				CODE_SIGN_STYLE = Automatic;
				DEVELOPMENT_TEAM = UW4KT7U5SP;
				INFOPLIST_FILE = DreamRecorderTests/Info.plist;
				LD_RUNPATH_SEARCH_PATHS = "$(inherited) @executable_path/Frameworks @loader_path/Frameworks";
				PRODUCT_BUNDLE_IDENTIFIER = pmanuelli.DreamRecorderTests;
				PRODUCT_NAME = "$(TARGET_NAME)";
				SWIFT_VERSION = 4.0;
				TARGETED_DEVICE_FAMILY = "1,2";
				TEST_HOST = "$(BUILT_PRODUCTS_DIR)/DreamRecorder.app/DreamRecorder";
			};
			name = Debug;
		};
		E9A0996720B0936C00D39F99 /* Release */ = {
			isa = XCBuildConfiguration;
			baseConfigurationReference = F6E1E92D239F30F4B7EA8692 /* Pods-DreamRecorderTests.release.xcconfig */;
			buildSettings = {
				BUNDLE_LOADER = "$(TEST_HOST)";
				CODE_SIGN_STYLE = Automatic;
				DEVELOPMENT_TEAM = UW4KT7U5SP;
				INFOPLIST_FILE = DreamRecorderTests/Info.plist;
				LD_RUNPATH_SEARCH_PATHS = "$(inherited) @executable_path/Frameworks @loader_path/Frameworks";
				PRODUCT_BUNDLE_IDENTIFIER = pmanuelli.DreamRecorderTests;
				PRODUCT_NAME = "$(TARGET_NAME)";
				SWIFT_VERSION = 4.0;
				TARGETED_DEVICE_FAMILY = "1,2";
				TEST_HOST = "$(BUILT_PRODUCTS_DIR)/DreamRecorder.app/DreamRecorder";
			};
			name = Release;
		};
/* End XCBuildConfiguration section */

/* Begin XCConfigurationList section */
		E986D4C420A67BED00D7FBEB /* Build configuration list for PBXProject "DreamRecorder" */ = {
			isa = XCConfigurationList;
			buildConfigurations = (
				E986D4D920A67BEE00D7FBEB /* Debug */,
				E986D4DA20A67BEE00D7FBEB /* Release */,
			);
			defaultConfigurationIsVisible = 0;
			defaultConfigurationName = Release;
		};
		E986D4DB20A67BEE00D7FBEB /* Build configuration list for PBXNativeTarget "DreamRecorder" */ = {
			isa = XCConfigurationList;
			buildConfigurations = (
				E986D4DC20A67BEE00D7FBEB /* Debug */,
				E986D4DD20A67BEE00D7FBEB /* Release */,
			);
			defaultConfigurationIsVisible = 0;
			defaultConfigurationName = Release;
		};
		E9A0996820B0936C00D39F99 /* Build configuration list for PBXNativeTarget "DreamRecorderTests" */ = {
			isa = XCConfigurationList;
			buildConfigurations = (
				E9A0996620B0936C00D39F99 /* Debug */,
				E9A0996720B0936C00D39F99 /* Release */,
			);
			defaultConfigurationIsVisible = 0;
			defaultConfigurationName = Release;
		};
/* End XCConfigurationList section */
	};
	rootObject = E986D4C120A67BED00D7FBEB /* Project object */;
}
